// !$*UTF8*$!
{
	archiveVersion = 1;
	classes = {
	};
	objectVersion = 50;
	objects = {

/* Begin PBXBuildFile section */
		0734817424A2EB08000D7A9E /* AppDelegate.swift in Sources */ = {isa = PBXBuildFile; fileRef = 0734817324A2EB08000D7A9E /* AppDelegate.swift */; };
		0734817624A2EB08000D7A9E /* SceneDelegate.swift in Sources */ = {isa = PBXBuildFile; fileRef = 0734817524A2EB08000D7A9E /* SceneDelegate.swift */; };
		0734817824A2EB08000D7A9E /* ContentView.swift in Sources */ = {isa = PBXBuildFile; fileRef = 0734817724A2EB08000D7A9E /* ContentView.swift */; };
		0734817A24A2EB0C000D7A9E /* Assets.xcassets in Resources */ = {isa = PBXBuildFile; fileRef = 0734817924A2EB0C000D7A9E /* Assets.xcassets */; };
		0734817D24A2EB0C000D7A9E /* Preview Assets.xcassets in Resources */ = {isa = PBXBuildFile; fileRef = 0734817C24A2EB0C000D7A9E /* Preview Assets.xcassets */; };
		0734818024A2EB0C000D7A9E /* LaunchScreen.storyboard in Resources */ = {isa = PBXBuildFile; fileRef = 0734817E24A2EB0C000D7A9E /* LaunchScreen.storyboard */; };
/* End PBXBuildFile section */

/* Begin PBXFileReference section */
		0734817024A2EB08000D7A9E /* MultiplicationGame.app */ = {isa = PBXFileReference; explicitFileType = wrapper.application; includeInIndex = 0; path = MultiplicationGame.app; sourceTree = BUILT_PRODUCTS_DIR; };
		0734817324A2EB08000D7A9E /* AppDelegate.swift */ = {isa = PBXFileReference; lastKnownFileType = sourcecode.swift; path = AppDelegate.swift; sourceTree = "<group>"; };
		0734817524A2EB08000D7A9E /* SceneDelegate.swift */ = {isa = PBXFileReference; lastKnownFileType = sourcecode.swift; path = SceneDelegate.swift; sourceTree = "<group>"; };
		0734817724A2EB08000D7A9E /* ContentView.swift */ = {isa = PBXFileReference; lastKnownFileType = sourcecode.swift; path = ContentView.swift; sourceTree = "<group>"; };
		0734817924A2EB0C000D7A9E /* Assets.xcassets */ = {isa = PBXFileReference; lastKnownFileType = folder.assetcatalog; path = Assets.xcassets; sourceTree = "<group>"; };
		0734817C24A2EB0C000D7A9E /* Preview Assets.xcassets */ = {isa = PBXFileReference; lastKnownFileType = folder.assetcatalog; path = "Preview Assets.xcassets"; sourceTree = "<group>"; };
		0734817F24A2EB0C000D7A9E /* Base */ = {isa = PBXFileReference; lastKnownFileType = file.storyboard; name = Base; path = Base.lproj/LaunchScreen.storyboard; sourceTree = "<group>"; };
		0734818124A2EB0C000D7A9E /* Info.plist */ = {isa = PBXFileReference; lastKnownFileType = text.plist.xml; path = Info.plist; sourceTree = "<group>"; };
/* End PBXFileReference section */

/* Begin PBXFrameworksBuildPhase section */
		0734816D24A2EB08000D7A9E /* Frameworks */ = {
			isa = PBXFrameworksBuildPhase;
			buildActionMask = 2147483647;
			files = (
			);
			runOnlyForDeploymentPostprocessing = 0;
		};
/* End PBXFrameworksBuildPhase section */

/* Begin PBXGroup section */
		0734816724A2EB08000D7A9E = {
			isa = PBXGroup;
			children = (
				0734817224A2EB08000D7A9E /* MultiplicationGame */,
				0734817124A2EB08000D7A9E /* Products */,
			);
			sourceTree = "<group>";
		};
		0734817124A2EB08000D7A9E /* Products */ = {
			isa = PBXGroup;
			children = (
				0734817024A2EB08000D7A9E /* MultiplicationGame.app */,
			);
			name = Products;
			sourceTree = "<group>";
		};
		0734817224A2EB08000D7A9E /* MultiplicationGame */ = {
			isa = PBXGroup;
			children = (
				0734817324A2EB08000D7A9E /* AppDelegate.swift */,
				0734817524A2EB08000D7A9E /* SceneDelegate.swift */,
				0734817724A2EB08000D7A9E /* ContentView.swift */,
				0734817924A2EB0C000D7A9E /* Assets.xcassets */,
				0734817E24A2EB0C000D7A9E /* LaunchScreen.storyboard */,
				0734818124A2EB0C000D7A9E /* Info.plist */,
				0734817B24A2EB0C000D7A9E /* Preview Content */,
			);
			path = MultiplicationGame;
			sourceTree = "<group>";
		};
		0734817B24A2EB0C000D7A9E /* Preview Content */ = {
			isa = PBXGroup;
			children = (
				0734817C24A2EB0C000D7A9E /* Preview Assets.xcassets */,
			);
			path = "Preview Content";
			sourceTree = "<group>";
		};
/* End PBXGroup section */

/* Begin PBXNativeTarget section */
		0734816F24A2EB08000D7A9E /* MultiplicationGame */ = {
			isa = PBXNativeTarget;
			buildConfigurationList = 0734818424A2EB0C000D7A9E /* Build configuration list for PBXNativeTarget "MultiplicationGame" */;
			buildPhases = (
				0734816C24A2EB08000D7A9E /* Sources */,
				0734816D24A2EB08000D7A9E /* Frameworks */,
				0734816E24A2EB08000D7A9E /* Resources */,
			);
			buildRules = (
			);
			dependencies = (
			);
			name = MultiplicationGame;
			productName = MultiplicationGame;
			productReference = 0734817024A2EB08000D7A9E /* MultiplicationGame.app */;
			productType = "com.apple.product-type.application";
		};
/* End PBXNativeTarget section */

/* Begin PBXProject section */
		0734816824A2EB08000D7A9E /* Project object */ = {
			isa = PBXProject;
			attributes = {
				LastSwiftUpdateCheck = 1150;
				LastUpgradeCheck = 1150;
				ORGANIZATIONNAME = "Eric Schofield";
				TargetAttributes = {
					0734816F24A2EB08000D7A9E = {
						CreatedOnToolsVersion = 11.5;
					};
				};
			};
			buildConfigurationList = 0734816B24A2EB08000D7A9E /* Build configuration list for PBXProject "MultiplicationGame" */;
			compatibilityVersion = "Xcode 9.3";
			developmentRegion = en;
			hasScannedForEncodings = 0;
			knownRegions = (
				en,
				Base,
			);
			mainGroup = 0734816724A2EB08000D7A9E;
			productRefGroup = 0734817124A2EB08000D7A9E /* Products */;
			projectDirPath = "";
			projectRoot = "";
			targets = (
				0734816F24A2EB08000D7A9E /* MultiplicationGame */,
			);
		};
/* End PBXProject section */

/* Begin PBXResourcesBuildPhase section */
		0734816E24A2EB08000D7A9E /* Resources */ = {
			isa = PBXResourcesBuildPhase;
			buildActionMask = 2147483647;
			files = (
				0734818024A2EB0C000D7A9E /* LaunchScreen.storyboard in Resources */,
				0734817D24A2EB0C000D7A9E /* Preview Assets.xcassets in Resources */,
				0734817A24A2EB0C000D7A9E /* Assets.xcassets in Resources */,
			);
			runOnlyForDeploymentPostprocessing = 0;
		};
/* End PBXResourcesBuildPhase section */

/* Begin PBXSourcesBuildPhase section */
		0734816C24A2EB08000D7A9E /* Sources */ = {
			isa = PBXSourcesBuildPhase;
			buildActionMask = 2147483647;
			files = (
				0734817424A2EB08000D7A9E /* AppDelegate.swift in Sources */,
				0734817624A2EB08000D7A9E /* SceneDelegate.swift in Sources */,
				0734817824A2EB08000D7A9E /* ContentView.swift in Sources */,
			);
			runOnlyForDeploymentPostprocessing = 0;
		};
/* End PBXSourcesBuildPhase section */

/* Begin PBXVariantGroup section */
		0734817E24A2EB0C000D7A9E /* LaunchScreen.storyboard */ = {
			isa = PBXVariantGroup;
			children = (
				0734817F24A2EB0C000D7A9E /* Base */,
			);
			name = LaunchScreen.storyboard;
			sourceTree = "<group>";
		};
/* End PBXVariantGroup section */

/* Begin XCBuildConfiguration section */
		0734818224A2EB0C000D7A9E /* Debug */ = {
			isa = XCBuildConfiguration;
			buildSettings = {
				ALWAYS_SEARCH_USER_PATHS = NO;
				CLANG_ANALYZER_NONNULL = YES;
				CLANG_ANALYZER_NUMBER_OBJECT_CONVERSION = YES_AGGRESSIVE;
				CLANG_CXX_LANGUAGE_STANDARD = "gnu++14";
				CLANG_CXX_LIBRARY = "libc++";
				CLANG_ENABLE_MODULES = YES;
				CLANG_ENABLE_OBJC_ARC = YES;
				CLANG_ENABLE_OBJC_WEAK = YES;
				CLANG_WARN_BLOCK_CAPTURE_AUTORELEASING = YES;
				CLANG_WARN_BOOL_CONVERSION = YES;
				CLANG_WARN_COMMA = YES;
				CLANG_WARN_CONSTANT_CONVERSION = YES;
				CLANG_WARN_DEPRECATED_OBJC_IMPLEMENTATIONS = YES;
				CLANG_WARN_DIRECT_OBJC_ISA_USAGE = YES_ERROR;
				CLANG_WARN_DOCUMENTATION_COMMENTS = YES;
				CLANG_WARN_EMPTY_BODY = YES;
				CLANG_WARN_ENUM_CONVERSION = YES;
				CLANG_WARN_INFINITE_RECURSION = YES;
				CLANG_WARN_INT_CONVERSION = YES;
				CLANG_WARN_NON_LITERAL_NULL_CONVERSION = YES;
				CLANG_WARN_OBJC_IMPLICIT_RETAIN_SELF = YES;
				CLANG_WARN_OBJC_LITERAL_CONVERSION = YES;
				CLANG_WARN_OBJC_ROOT_CLASS = YES_ERROR;
				CLANG_WARN_RANGE_LOOP_ANALYSIS = YES;
				CLANG_WARN_STRICT_PROTOTYPES = YES;
				CLANG_WARN_SUSPICIOUS_MOVE = YES;
				CLANG_WARN_UNGUARDED_AVAILABILITY = YES_AGGRESSIVE;
				CLANG_WARN_UNREACHABLE_CODE = YES;
				CLANG_WARN__DUPLICATE_METHOD_MATCH = YES;
				COPY_PHASE_STRIP = NO;
				DEBUG_INFORMATION_FORMAT = dwarf;
				ENABLE_STRICT_OBJC_MSGSEND = YES;
				ENABLE_TESTABILITY = YES;
				GCC_C_LANGUAGE_STANDARD = gnu11;
				GCC_DYNAMIC_NO_PIC = NO;
				GCC_NO_COMMON_BLOCKS = YES;
				GCC_OPTIMIZATION_LEVEL = 0;
				GCC_PREPROCESSOR_DEFINITIONS = (
					"DEBUG=1",
					"$(inherited)",
				);
				GCC_WARN_64_TO_32_BIT_CONVERSION = YES;
				GCC_WARN_ABOUT_RETURN_TYPE = YES_ERROR;
				GCC_WARN_UNDECLARED_SELECTOR = YES;
				GCC_WARN_UNINITIALIZED_AUTOS = YES_AGGRESSIVE;
				GCC_WARN_UNUSED_FUNCTION = YES;
				GCC_WARN_UNUSED_VARIABLE = YES;
				IPHONEOS_DEPLOYMENT_TARGET = 13.5;
				MTL_ENABLE_DEBUG_INFO = INCLUDE_SOURCE;
				MTL_FAST_MATH = YES;
				ONLY_ACTIVE_ARCH = YES;
				SDKROOT = iphoneos;
				SWIFT_ACTIVE_COMPILATION_CONDITIONS = DEBUG;
				SWIFT_OPTIMIZATION_LEVEL = "-Onone";
			};
			name = Debug;
		};
		0734818324A2EB0C000D7A9E /* Release */ = {
			isa = XCBuildConfiguration;
			buildSettings = {
				ALWAYS_SEARCH_USER_PATHS = NO;
				CLANG_ANALYZER_NONNULL = YES;
				CLANG_ANALYZER_NUMBER_OBJECT_CONVERSION = YES_AGGRESSIVE;
				CLANG_CXX_LANGUAGE_STANDARD = "gnu++14";
				CLANG_CXX_LIBRARY = "libc++";
				CLANG_ENABLE_MODULES = YES;
				CLANG_ENABLE_OBJC_ARC = YES;
				CLANG_ENABLE_OBJC_WEAK = YES;
				CLANG_WARN_BLOCK_CAPTURE_AUTORELEASING = YES;
				CLANG_WARN_BOOL_CONVERSION = YES;
				CLANG_WARN_COMMA = YES;
				CLANG_WARN_CONSTANT_CONVERSION = YES;
				CLANG_WARN_DEPRECATED_OBJC_IMPLEMENTATIONS = YES;
				CLANG_WARN_DIRECT_OBJC_ISA_USAGE = YES_ERROR;
				CLANG_WARN_DOCUMENTATION_COMMENTS = YES;
				CLANG_WARN_EMPTY_BODY = YES;
				CLANG_WARN_ENUM_CONVERSION = YES;
				CLANG_WARN_INFINITE_RECURSION = YES;
				CLANG_WARN_INT_CONVERSION = YES;
				CLANG_WARN_NON_LITERAL_NULL_CONVERSION = YES;
				CLANG_WARN_OBJC_IMPLICIT_RETAIN_SELF = YES;
				CLANG_WARN_OBJC_LITERAL_CONVERSION = YES;
				CLANG_WARN_OBJC_ROOT_CLASS = YES_ERROR;
				CLANG_WARN_RANGE_LOOP_ANALYSIS = YES;
				CLANG_WARN_STRICT_PROTOTYPES = YES;
				CLANG_WARN_SUSPICIOUS_MOVE = YES;
				CLANG_WARN_UNGUARDED_AVAILABILITY = YES_AGGRESSIVE;
				CLANG_WARN_UNREACHABLE_CODE = YES;
				CLANG_WARN__DUPLICATE_METHOD_MATCH = YES;
				COPY_PHASE_STRIP = NO;
				DEBUG_INFORMATION_FORMAT = "dwarf-with-dsym";
				ENABLE_NS_ASSERTIONS = NO;
				ENABLE_STRICT_OBJC_MSGSEND = YES;
				GCC_C_LANGUAGE_STANDARD = gnu11;
				GCC_NO_COMMON_BLOCKS = YES;
				GCC_WARN_64_TO_32_BIT_CONVERSION = YES;
				GCC_WARN_ABOUT_RETURN_TYPE = YES_ERROR;
				GCC_WARN_UNDECLARED_SELECTOR = YES;
				GCC_WARN_UNINITIALIZED_AUTOS = YES_AGGRESSIVE;
				GCC_WARN_UNUSED_FUNCTION = YES;
				GCC_WARN_UNUSED_VARIABLE = YES;
				IPHONEOS_DEPLOYMENT_TARGET = 13.5;
				MTL_ENABLE_DEBUG_INFO = NO;
				MTL_FAST_MATH = YES;
				SDKROOT = iphoneos;
				SWIFT_COMPILATION_MODE = wholemodule;
				SWIFT_OPTIMIZATION_LEVEL = "-O";
				VALIDATE_PRODUCT = YES;
			};
			name = Release;
		};
		0734818524A2EB0C000D7A9E /* Debug */ = {
			isa = XCBuildConfiguration;
			buildSettings = {
				ASSETCATALOG_COMPILER_APPICON_NAME = AppIcon;
				CODE_SIGN_STYLE = Automatic;
				DEVELOPMENT_ASSET_PATHS = "\"MultiplicationGame/Preview Content\"";
				DEVELOPMENT_TEAM = A5JHWHDAMA;
				ENABLE_PREVIEWS = YES;
				INFOPLIST_FILE = MultiplicationGame/Info.plist;
				LD_RUNPATH_SEARCH_PATHS = (
					"$(inherited)",
					"@executable_path/Frameworks",
				);
				PRODUCT_BUNDLE_IDENTIFIER = com.ericschofield.MultiplicationGame;
				PRODUCT_NAME = "$(TARGET_NAME)";
				SWIFT_VERSION = 5.0;
				TARGETED_DEVICE_FAMILY = "1,2";
			};
			name = Debug;
		};
		0734818624A2EB0C000D7A9E /* Release */ = {
			isa = XCBuildConfiguration;
			buildSettings = {
				ASSETCATALOG_COMPILER_APPICON_NAME = AppIcon;
				CODE_SIGN_STYLE = Automatic;
				DEVELOPMENT_ASSET_PATHS = "\"MultiplicationGame/Preview Content\"";
				DEVELOPMENT_TEAM = A5JHWHDAMA;
				ENABLE_PREVIEWS = YES;
				INFOPLIST_FILE = MultiplicationGame/Info.plist;
				LD_RUNPATH_SEARCH_PATHS = (
					"$(inherited)",
					"@executable_path/Frameworks",
				);
				PRODUCT_BUNDLE_IDENTIFIER = com.ericschofield.MultiplicationGame;
				PRODUCT_NAME = "$(TARGET_NAME)";
				SWIFT_VERSION = 5.0;
				TARGETED_DEVICE_FAMILY = "1,2";
			};
			name = Release;
		};
/* End XCBuildConfiguration section */

/* Begin XCConfigurationList section */
		0734816B24A2EB08000D7A9E /* Build configuration list for PBXProject "MultiplicationGame" */ = {
			isa = XCConfigurationList;
			buildConfigurations = (
				0734818224A2EB0C000D7A9E /* Debug */,
				0734818324A2EB0C000D7A9E /* Release */,
			);
			defaultConfigurationIsVisible = 0;
			defaultConfigurationName = Release;
		};
		0734818424A2EB0C000D7A9E /* Build configuration list for PBXNativeTarget "MultiplicationGame" */ = {
			isa = XCConfigurationList;
			buildConfigurations = (
				0734818524A2EB0C000D7A9E /* Debug */,
				0734818624A2EB0C000D7A9E /* Release */,
			);
			defaultConfigurationIsVisible = 0;
			defaultConfigurationName = Release;
		};
/* End XCConfigurationList section */
	};
	rootObject = 0734816824A2EB08000D7A9E /* Project object */;
}
